GEM
  remote: https://rubygems.org/
  specs:
    addressable (2.8.8)
      public_suffix (>= 2.0.2, < 8.0)
    date (3.5.1)
    diff-lcs (1.6.2)
    erb (6.0.2)
    mini_portile2 (2.8.9)
    nokogiri (1.19.1)
      mini_portile2 (~> 2.8.2)
      racc (~> 1.4)
    psych (5.3.1)
      date
      stringio
    public_suffix (7.0.2)
    racc (1.8.1)
    rdoc (7.2.0)
      erb
      psych (>= 4.0.0)
      tsort
    rspec (3.13.2)
      rspec-core (~> 3.13.0)
      rspec-expectations (~> 3.13.0)
      rspec-mocks (~> 3.13.0)
    rspec-core (3.13.6)
      rspec-support (~> 3.13.0)
    rspec-expectations (3.13.5)
      diff-lcs (>= 1.2.0, < 2.0)
      rspec-support (~> 3.13.0)
    rspec-mocks (3.13.7)
      diff-lcs (>= 1.2.0, < 2.0)
      rspec-support (~> 3.13.0)
    rspec-support (3.13.7)
    stringio (3.2.0)
    tsort (0.2.0)

PLATFORMS
  ruby

DEPENDENCIES
  addressable (~> 2.8)
  bundler
  nokogiri (~> 1.19)
  rdoc
  rspec

BUNDLED WITH
   2.5.16
